#MicroXplorer Configuration settings - do not modify
CAN.CalculateBaudRate=166666
CAN.CalculateTimeBit=6000
CAN.CalculateTimeQuantum=2000.0
CAN.IPParameters=CalculateTimeQuantum,CalculateTimeBit,CalculateBaudRate
Dma.ADC.0.Direction=DMA_PERIPH_TO_MEMORY
Dma.ADC.0.Instance=DMA1_Channel1
Dma.ADC.0.MemDataAlignment=DMA_MDATAALIGN_HALFWORD
Dma.ADC.0.MemInc=DMA_MINC_ENABLE
Dma.ADC.0.Mode=DMA_NORMAL
Dma.ADC.0.PeriphDataAlignment=DMA_PDATAALIGN_HALFWORD
Dma.ADC.0.PeriphInc=DMA_PINC_DISABLE
Dma.ADC.0.Priority=DMA_PRIORITY_LOW
Dma.ADC.0.RequestParameters=Instance,Direction,PeriphInc,MemInc,PeriphDataAlignment,MemDataAlignment,Mode,Priority
Dma.Request0=ADC
Dma.RequestsNb=1
File.Version=6
KeepUserPlacement=false
Mcu.Family=STM32F0
Mcu.IP0=ADC
Mcu.IP1=CAN
Mcu.IP10=SPI1
Mcu.IP11=SYS
Mcu.IP12=TIM1
Mcu.IP13=USART2
Mcu.IP14=USB
Mcu.IP2=COMP1
Mcu.IP3=CRC
Mcu.IP4=DMA
Mcu.IP5=I2C1
Mcu.IP6=IWDG
Mcu.IP7=NVIC
Mcu.IP8=RCC
Mcu.IP9=RTC
Mcu.IPNb=15
Mcu.Name=STM32F072C(8-B)Ux
Mcu.Package=UFQFPN48
Mcu.Pin0=PC14-OSC32_IN
Mcu.Pin1=PC15-OSC32_OUT
Mcu.Pin10=PA6
Mcu.Pin11=PA7
Mcu.Pin12=PA11
Mcu.Pin13=PA12
Mcu.Pin14=PB6
Mcu.Pin15=PB7
Mcu.Pin16=PB8
Mcu.Pin17=PB9
Mcu.Pin18=VP_CRC_VS_CRC
Mcu.Pin19=VP_IWDG_VS_IWDG
Mcu.Pin2=PF0-OSC_IN
Mcu.Pin20=VP_RTC_VS_RTC_Activate
Mcu.Pin21=VP_RTC_VS_RTC_Calendar
Mcu.Pin22=VP_SYS_VS_Systick
Mcu.Pin23=VP_TIM1_VS_ClockSourceITR
Mcu.Pin3=PF1-OSC_OUT
Mcu.Pin4=PA0
Mcu.Pin5=PA1
Mcu.Pin6=PA2
Mcu.Pin7=PA3
Mcu.Pin8=PA4
Mcu.Pin9=PA5
Mcu.PinsNb=24
Mcu.ThirdPartyNb=0
Mcu.UserConstants=
Mcu.UserName=STM32F072CBUx
MxCube.Version=6.4.0
MxDb.Version=DB.6.0.40
NVIC.DMA1_Channel1_IRQn=true\:0\:0\:false\:false\:true\:false\:true
NVIC.ForceEnableDMAVector=true
NVIC.HardFault_IRQn=true\:0\:0\:false\:false\:true\:false\:false
NVIC.NonMaskableInt_IRQn=true\:0\:0\:false\:false\:true\:false\:false
NVIC.PendSV_IRQn=true\:0\:0\:false\:false\:true\:false\:false
NVIC.SVC_IRQn=true\:0\:0\:false\:false\:true\:false\:false
NVIC.SysTick_IRQn=true\:3\:0\:false\:false\:true\:false\:true
PA0.Mode=IN0
PA0.Signal=ADC_IN0
PA1.Mode=INP
PA1.Signal=COMP1_INP
PA11.Mode=Device
PA11.Signal=USB_DM
PA12.Mode=Device
PA12.Signal=USB_DP
PA2.Mode=Asynchronous
PA2.Signal=USART2_TX
PA3.Mode=Asynchronous
PA3.Signal=USART2_RX
PA4.Mode=INM
PA4.Signal=COMP1_INM
PA5.Mode=Full_Duplex_Master
PA5.Signal=SPI1_SCK
PA6.Mode=Full_Duplex_Master
PA6.Signal=SPI1_MISO
PA7.Mode=Full_Duplex_Master
PA7.Signal=SPI1_MOSI
PB6.Mode=I2C
PB6.Signal=I2C1_SCL
PB7.Mode=I2C
PB7.Signal=I2C1_SDA
PB8.Mode=CAN_Activate
PB8.Signal=CAN_RX
PB9.Mode=CAN_Activate
PB9.Signal=CAN_TX
PC14-OSC32_IN.Mode=LSE-External-Oscillator
PC14-OSC32_IN.Signal=RCC_OSC32_IN
PC15-OSC32_OUT.Mode=LSE-External-Oscillator
PC15-OSC32_OUT.Signal=RCC_OSC32_OUT
PF0-OSC_IN.Mode=HSE-External-Oscillator
PF0-OSC_IN.Signal=RCC_OSC_IN
PF1-OSC_OUT.Mode=HSE-External-Oscillator
PF1-OSC_OUT.Signal=RCC_OSC_OUT
PinOutPanel.RotationAngle=0
ProjectManager.AskForMigrate=true
ProjectManager.BackupPrevious=false
ProjectManager.CompilerOptimize=6
ProjectManager.ComputerToolchain=false
ProjectManager.CoupleFile=false
ProjectManager.CustomerFirmwarePackage=
ProjectManager.DefaultFWLocation=true
ProjectManager.DeletePrevious=true
ProjectManager.DeviceId=STM32F072CBUx
ProjectManager.FirmwarePackage=STM32Cube FW_F0 V1.11.3
ProjectManager.FreePins=false
ProjectManager.HalAssertFull=false
ProjectManager.HeapSize=0x200
ProjectManager.KeepUserCode=true
ProjectManager.LastFirmware=true
ProjectManager.LibraryCopy=1
ProjectManager.MainLocation=Core/Src
ProjectManager.NoMain=false
ProjectManager.PreviousToolchain=
ProjectManager.ProjectBuild=false
ProjectManager.ProjectFileName=CANmaster-FW.ioc
ProjectManager.ProjectName=CANmaster-FW
ProjectManager.RegisterCallBack=
ProjectManager.StackSize=0x400
ProjectManager.TargetToolchain=STM32CubeIDE
ProjectManager.ToolChainLocation=
ProjectManager.UnderRoot=true
ProjectManager.functionlistsort=1-SystemClock_Config-RCC-false-HAL-false,2-MX_GPIO_Init-GPIO-false-HAL-true,3-MX_DMA_Init-DMA-false-HAL-true,4-MX_ADC_Init-ADC-false-HAL-true,5-MX_IWDG_Init-IWDG-false-HAL-true
RCC.CECFreq_Value=32786.88524590164
RCC.FamilyName=M
RCC.HSICECFreq_Value=32786.88524590164
RCC.IPParameters=CECFreq_Value,FamilyName,HSICECFreq_Value,PLLCLKFreq_Value,PLLMCOFreq_Value,TimSysFreq_Value,VCOOutput2Freq_Value
RCC.PLLCLKFreq_Value=16000000
RCC.PLLMCOFreq_Value=16000000
RCC.TimSysFreq_Value=8000000
RCC.VCOOutput2Freq_Value=8000000
SPI1.CalculateBaudRate=4.0 MBits/s
SPI1.Direction=SPI_DIRECTION_2LINES
SPI1.IPParameters=VirtualType,Mode,Direction,CalculateBaudRate
SPI1.Mode=SPI_MODE_MASTER
SPI1.VirtualType=VM_MASTER
USART2.IPParameters=VirtualMode-Asynchronous
USART2.VirtualMode-Asynchronous=VM_ASYNC
VP_CRC_VS_CRC.Mode=CRC_Activate
VP_CRC_VS_CRC.Signal=CRC_VS_CRC
VP_IWDG_VS_IWDG.Mode=IWDG_Activate
VP_IWDG_VS_IWDG.Signal=IWDG_VS_IWDG
VP_RTC_VS_RTC_Activate.Mode=RTC_Enabled
VP_RTC_VS_RTC_Activate.Signal=RTC_VS_RTC_Activate
VP_RTC_VS_RTC_Calendar.Mode=RTC_Calendar
VP_RTC_VS_RTC_Calendar.Signal=RTC_VS_RTC_Calendar
VP_SYS_VS_Systick.Mode=SysTick
VP_SYS_VS_Systick.Signal=SYS_VS_Systick
VP_TIM1_VS_ClockSourceITR.Mode=TriggerSource_ITR0
VP_TIM1_VS_ClockSourceITR.Signal=TIM1_VS_ClockSourceITR
board=custom
isbadioc=false
